
Microsoft Visual Studio Solution File, Format Version 12.00
# Visual Studio 15
VisualStudioVersion = 15.0.28307.572
MinimumVisualStudioVersion = 10.0.40219.1
Project("{FAE04EC0-301F-11D3-BF4B-00C04F79EFBC}") = "ItmoJobsFetchingBot", "ItmoJobsFetchingBot\ItmoJobsFetchingBot.csproj", "{8EE063AE-4EDD-4AB9-9DA2-C9A48BB1A97C}"
EndProject
Global
	GlobalSection(SolutionConfigurationPlatforms) = preSolution
		Debug|Any CPU = Debug|Any CPU
		Release|Any CPU = Release|Any CPU
	EndGlobalSection
	GlobalSection(ProjectConfigurationPlatforms) = postSolution
		{8EE063AE-4EDD-4AB9-9DA2-C9A48BB1A97C}.Debug|Any CPU.ActiveCfg = Debug|Any CPU
		{8EE063AE-4EDD-4AB9-9DA2-C9A48BB1A97C}.Debug|Any CPU.Build.0 = Debug|Any CPU
		{8EE063AE-4EDD-4AB9-9DA2-C9A48BB1A97C}.Release|Any CPU.ActiveCfg = Release|Any CPU
		{8EE063AE-4EDD-4AB9-9DA2-C9A48BB1A97C}.Release|Any CPU.Build.0 = Release|Any CPU
	EndGlobalSection
	GlobalSection(SolutionProperties) = preSolution
		HideSolutionNode = FALSE
	EndGlobalSection
	GlobalSection(ExtensibilityGlobals) = postSolution
		SolutionGuid = {11BCB675-F7DB-4CD0-B6EE-C926534EB993}
	EndGlobalSection
EndGlobal
